
Microsoft Visual Studio Solution File, Format Version 12.00
# Visual Studio Version 16
VisualStudioVersion = 16.0.29509.3
MinimumVisualStudioVersion = 10.0.40219.1
Project("{FAE04EC0-301F-11D3-BF4B-00C04F79EFBC}") = "MyBanker", "MyBanker\MyBanker.csproj", "{A04797D2-C592-4864-804C-BEC14C603A1D}"
EndProject
Global
	GlobalSection(SolutionConfigurationPlatforms) = preSolution
		Debug|Any CPU = Debug|Any CPU
		Release|Any CPU = Release|Any CPU
	EndGlobalSection
	GlobalSection(ProjectConfigurationPlatforms) = postSolution
		{A04797D2-C592-4864-804C-BEC14C603A1D}.Debug|Any CPU.ActiveCfg = Debug|Any CPU
		{A04797D2-C592-4864-804C-BEC14C603A1D}.Debug|Any CPU.Build.0 = Debug|Any CPU
		{A04797D2-C592-4864-804C-BEC14C603A1D}.Release|Any CPU.ActiveCfg = Release|Any CPU
		{A04797D2-C592-4864-804C-BEC14C603A1D}.Release|Any CPU.Build.0 = Release|Any CPU
	EndGlobalSection
	GlobalSection(SolutionProperties) = preSolution
		HideSolutionNode = FALSE
	EndGlobalSection
	GlobalSection(ExtensibilityGlobals) = postSolution
		SolutionGuid = {FC80AA79-6A7B-4E65-8AD9-E0C842C0C8CA}
	EndGlobalSection
EndGlobal
